
Microsoft Visual Studio Solution File, Format Version 12.00
# Visual Studio Version 17
VisualStudioVersion = 17.4.33213.308
MinimumVisualStudioVersion = 10.0.40219.1
Project("{FAE04EC0-301F-11D3-BF4B-00C04F79EFBC}") = "EmailSender.Client", "EmailSender.Client\EmailSender.Client.csproj", "{528EE13A-758F-404E-BEF7-D05CA18C809A}"
EndProject
Project("{FAE04EC0-301F-11D3-BF4B-00C04F79EFBC}") = "EmailSender", "ImailSender\EmailSender.csproj", "{216ED8CC-2E00-4F25-A5E9-E5B97F3141E4}"
EndProject
Global
	GlobalSection(SolutionConfigurationPlatforms) = preSolution
		Debug|Any CPU = Debug|Any CPU
		Release|Any CPU = Release|Any CPU
	EndGlobalSection
	GlobalSection(ProjectConfigurationPlatforms) = postSolution
		{528EE13A-758F-404E-BEF7-D05CA18C809A}.Debug|Any CPU.ActiveCfg = Debug|Any CPU
		{528EE13A-758F-404E-BEF7-D05CA18C809A}.Debug|Any CPU.Build.0 = Debug|Any CPU
		{528EE13A-758F-404E-BEF7-D05CA18C809A}.Release|Any CPU.ActiveCfg = Release|Any CPU
		{528EE13A-758F-404E-BEF7-D05CA18C809A}.Release|Any CPU.Build.0 = Release|Any CPU
		{216ED8CC-2E00-4F25-A5E9-E5B97F3141E4}.Debug|Any CPU.ActiveCfg = Debug|Any CPU
		{216ED8CC-2E00-4F25-A5E9-E5B97F3141E4}.Debug|Any CPU.Build.0 = Debug|Any CPU
		{216ED8CC-2E00-4F25-A5E9-E5B97F3141E4}.Release|Any CPU.ActiveCfg = Release|Any CPU
		{216ED8CC-2E00-4F25-A5E9-E5B97F3141E4}.Release|Any CPU.Build.0 = Release|Any CPU
	EndGlobalSection
	GlobalSection(SolutionProperties) = preSolution
		HideSolutionNode = FALSE
	EndGlobalSection
	GlobalSection(ExtensibilityGlobals) = postSolution
		SolutionGuid = {CC92CB3D-1331-48CE-9274-078DFDF27153}
	EndGlobalSection
EndGlobal
